// !$*UTF8*$!
{
	archiveVersion = 1;
	classes = {
	};
	objectVersion = 46;
	objects = {

/* Begin PBXBuildFile section */
		FB1E7E651B62867A00F15B16 /* ModelForm.h in Headers */ = {isa = PBXBuildFile; fileRef = FB1E7E641B62867A00F15B16 /* ModelForm.h */; settings = {ATTRIBUTES = (Public, ); }; };
		FB1E7E6B1B62867A00F15B16 /* ModelForm.framework in Frameworks */ = {isa = PBXBuildFile; fileRef = FB1E7E5F1B62867A00F15B16 /* ModelForm.framework */; };
		FB1E7E721B62867A00F15B16 /* ModelFormTests.swift in Sources */ = {isa = PBXBuildFile; fileRef = FB1E7E711B62867A00F15B16 /* ModelFormTests.swift */; };
/* End PBXBuildFile section */

/* Begin PBXContainerItemProxy section */
		FB1E7E6C1B62867A00F15B16 /* PBXContainerItemProxy */ = {
			isa = PBXContainerItemProxy;
			containerPortal = FB1E7E561B62867A00F15B16 /* Project object */;
			proxyType = 1;
			remoteGlobalIDString = FB1E7E5E1B62867A00F15B16;
			remoteInfo = ModelForm;
		};
/* End PBXContainerItemProxy section */

/* Begin PBXFileReference section */
		FB1E7E5F1B62867A00F15B16 /* ModelForm.framework */ = {isa = PBXFileReference; explicitFileType = wrapper.framework; includeInIndex = 0; path = ModelForm.framework; sourceTree = BUILT_PRODUCTS_DIR; };
		FB1E7E631B62867A00F15B16 /* Info.plist */ = {isa = PBXFileReference; lastKnownFileType = text.plist.xml; path = Info.plist; sourceTree = "<group>"; };
		FB1E7E641B62867A00F15B16 /* ModelForm.h */ = {isa = PBXFileReference; lastKnownFileType = sourcecode.c.h; path = ModelForm.h; sourceTree = "<group>"; };
		FB1E7E6A1B62867A00F15B16 /* ModelFormTests.xctest */ = {isa = PBXFileReference; explicitFileType = wrapper.cfbundle; includeInIndex = 0; path = ModelFormTests.xctest; sourceTree = BUILT_PRODUCTS_DIR; };
		FB1E7E701B62867A00F15B16 /* Info.plist */ = {isa = PBXFileReference; lastKnownFileType = text.plist.xml; path = Info.plist; sourceTree = "<group>"; };
		FB1E7E711B62867A00F15B16 /* ModelFormTests.swift */ = {isa = PBXFileReference; lastKnownFileType = sourcecode.swift; path = ModelFormTests.swift; sourceTree = "<group>"; };
/* End PBXFileReference section */

/* Begin PBXFrameworksBuildPhase section */
		FB1E7E5B1B62867A00F15B16 /* Frameworks */ = {
			isa = PBXFrameworksBuildPhase;
			buildActionMask = 2147483647;
			files = (
			);
			runOnlyForDeploymentPostprocessing = 0;
		};
		FB1E7E671B62867A00F15B16 /* Frameworks */ = {
			isa = PBXFrameworksBuildPhase;
			buildActionMask = 2147483647;
			files = (
				FB1E7E6B1B62867A00F15B16 /* ModelForm.framework in Frameworks */,
			);
			runOnlyForDeploymentPostprocessing = 0;
		};
/* End PBXFrameworksBuildPhase section */

/* Begin PBXGroup section */
		FB1E7E551B62867A00F15B16 = {
			isa = PBXGroup;
			children = (
				FB1E7E611B62867A00F15B16 /* ModelForm */,
				FB1E7E6E1B62867A00F15B16 /* ModelFormTests */,
				FB1E7E601B62867A00F15B16 /* Products */,
			);
			sourceTree = "<group>";
		};
		FB1E7E601B62867A00F15B16 /* Products */ = {
			isa = PBXGroup;
			children = (
				FB1E7E5F1B62867A00F15B16 /* ModelForm.framework */,
				FB1E7E6A1B62867A00F15B16 /* ModelFormTests.xctest */,
			);
			name = Products;
			sourceTree = "<group>";
		};
		FB1E7E611B62867A00F15B16 /* ModelForm */ = {
			isa = PBXGroup;
			children = (
				FB1E7E641B62867A00F15B16 /* ModelForm.h */,
				FB1E7E621B62867A00F15B16 /* Supporting Files */,
			);
			path = ModelForm;
			sourceTree = "<group>";
		};
		FB1E7E621B62867A00F15B16 /* Supporting Files */ = {
			isa = PBXGroup;
			children = (
				FB1E7E631B62867A00F15B16 /* Info.plist */,
			);
			name = "Supporting Files";
			sourceTree = "<group>";
		};
		FB1E7E6E1B62867A00F15B16 /* ModelFormTests */ = {
			isa = PBXGroup;
			children = (
				FB1E7E711B62867A00F15B16 /* ModelFormTests.swift */,
				FB1E7E6F1B62867A00F15B16 /* Supporting Files */,
			);
			path = ModelFormTests;
			sourceTree = "<group>";
		};
		FB1E7E6F1B62867A00F15B16 /* Supporting Files */ = {
			isa = PBXGroup;
			children = (
				FB1E7E701B62867A00F15B16 /* Info.plist */,
			);
			name = "Supporting Files";
			sourceTree = "<group>";
		};
/* End PBXGroup section */

/* Begin PBXHeadersBuildPhase section */
		FB1E7E5C1B62867A00F15B16 /* Headers */ = {
			isa = PBXHeadersBuildPhase;
			buildActionMask = 2147483647;
			files = (
				FB1E7E651B62867A00F15B16 /* ModelForm.h in Headers */,
			);
			runOnlyForDeploymentPostprocessing = 0;
		};
/* End PBXHeadersBuildPhase section */

/* Begin PBXNativeTarget section */
		FB1E7E5E1B62867A00F15B16 /* ModelForm */ = {
			isa = PBXNativeTarget;
			buildConfigurationList = FB1E7E751B62867A00F15B16 /* Build configuration list for PBXNativeTarget "ModelForm" */;
			buildPhases = (
				FB1E7E5A1B62867A00F15B16 /* Sources */,
				FB1E7E5B1B62867A00F15B16 /* Frameworks */,
				FB1E7E5C1B62867A00F15B16 /* Headers */,
				FB1E7E5D1B62867A00F15B16 /* Resources */,
			);
			buildRules = (
			);
			dependencies = (
			);
			name = ModelForm;
			productName = ModelForm;
			productReference = FB1E7E5F1B62867A00F15B16 /* ModelForm.framework */;
			productType = "com.apple.product-type.framework";
		};
		FB1E7E691B62867A00F15B16 /* ModelFormTests */ = {
			isa = PBXNativeTarget;
			buildConfigurationList = FB1E7E781B62867A00F15B16 /* Build configuration list for PBXNativeTarget "ModelFormTests" */;
			buildPhases = (
				FB1E7E661B62867A00F15B16 /* Sources */,
				FB1E7E671B62867A00F15B16 /* Frameworks */,
				FB1E7E681B62867A00F15B16 /* Resources */,
			);
			buildRules = (
			);
			dependencies = (
				FB1E7E6D1B62867A00F15B16 /* PBXTargetDependency */,
			);
			name = ModelFormTests;
			productName = ModelFormTests;
			productReference = FB1E7E6A1B62867A00F15B16 /* ModelFormTests.xctest */;
			productType = "com.apple.product-type.bundle.unit-test";
		};
/* End PBXNativeTarget section */

/* Begin PBXProject section */
		FB1E7E561B62867A00F15B16 /* Project object */ = {
			isa = PBXProject;
			attributes = {
				LastUpgradeCheck = 0640;
				ORGANIZATIONNAME = LeVous;
				TargetAttributes = {
					FB1E7E5E1B62867A00F15B16 = {
						CreatedOnToolsVersion = 6.4;
					};
					FB1E7E691B62867A00F15B16 = {
						CreatedOnToolsVersion = 6.4;
					};
				};
			};
			buildConfigurationList = FB1E7E591B62867A00F15B16 /* Build configuration list for PBXProject "ModelForm" */;
			compatibilityVersion = "Xcode 3.2";
			developmentRegion = English;
			hasScannedForEncodings = 0;
			knownRegions = (
				en,
			);
			mainGroup = FB1E7E551B62867A00F15B16;
			productRefGroup = FB1E7E601B62867A00F15B16 /* Products */;
			projectDirPath = "";
			projectRoot = "";
			targets = (
				FB1E7E5E1B62867A00F15B16 /* ModelForm */,
				FB1E7E691B62867A00F15B16 /* ModelFormTests */,
			);
		};
/* End PBXProject section */

/* Begin PBXResourcesBuildPhase section */
		FB1E7E5D1B62867A00F15B16 /* Resources */ = {
			isa = PBXResourcesBuildPhase;
			buildActionMask = 2147483647;
			files = (
			);
			runOnlyForDeploymentPostprocessing = 0;
		};
		FB1E7E681B62867A00F15B16 /* Resources */ = {
			isa = PBXResourcesBuildPhase;
			buildActionMask = 2147483647;
			files = (
			);
			runOnlyForDeploymentPostprocessing = 0;
		};
/* End PBXResourcesBuildPhase section */

/* Begin PBXSourcesBuildPhase section */
		FB1E7E5A1B62867A00F15B16 /* Sources */ = {
			isa = PBXSourcesBuildPhase;
			buildActionMask = 2147483647;
			files = (
			);
			runOnlyForDeploymentPostprocessing = 0;
		};
		FB1E7E661B62867A00F15B16 /* Sources */ = {
			isa = PBXSourcesBuildPhase;
			buildActionMask = 2147483647;
			files = (
				FB1E7E721B62867A00F15B16 /* ModelFormTests.swift in Sources */,
			);
			runOnlyForDeploymentPostprocessing = 0;
		};
/* End PBXSourcesBuildPhase section */

/* Begin PBXTargetDependency section */
		FB1E7E6D1B62867A00F15B16 /* PBXTargetDependency */ = {
			isa = PBXTargetDependency;
			target = FB1E7E5E1B62867A00F15B16 /* ModelForm */;
			targetProxy = FB1E7E6C1B62867A00F15B16 /* PBXContainerItemProxy */;
		};
/* End PBXTargetDependency section */

/* Begin XCBuildConfiguration section */
		FB1E7E731B62867A00F15B16 /* Debug */ = {
			isa = XCBuildConfiguration;
			buildSettings = {
				ALWAYS_SEARCH_USER_PATHS = NO;
				CLANG_CXX_LANGUAGE_STANDARD = "gnu++0x";
				CLANG_CXX_LIBRARY = "libc++";
				CLANG_ENABLE_MODULES = YES;
				CLANG_ENABLE_OBJC_ARC = YES;
				CLANG_WARN_BOOL_CONVERSION = YES;
				CLANG_WARN_CONSTANT_CONVERSION = YES;
				CLANG_WARN_DIRECT_OBJC_ISA_USAGE = YES_ERROR;
				CLANG_WARN_EMPTY_BODY = YES;
				CLANG_WARN_ENUM_CONVERSION = YES;
				CLANG_WARN_INT_CONVERSION = YES;
				CLANG_WARN_OBJC_ROOT_CLASS = YES_ERROR;
				CLANG_WARN_UNREACHABLE_CODE = YES;
				CLANG_WARN__DUPLICATE_METHOD_MATCH = YES;
				"CODE_SIGN_IDENTITY[sdk=iphoneos*]" = "iPhone Developer";
				COPY_PHASE_STRIP = NO;
				CURRENT_PROJECT_VERSION = 1;
				DEBUG_INFORMATION_FORMAT = "dwarf-with-dsym";
				ENABLE_STRICT_OBJC_MSGSEND = YES;
				GCC_C_LANGUAGE_STANDARD = gnu99;
				GCC_DYNAMIC_NO_PIC = NO;
				GCC_NO_COMMON_BLOCKS = YES;
				GCC_OPTIMIZATION_LEVEL = 0;
				GCC_PREPROCESSOR_DEFINITIONS = (
					"DEBUG=1",
					"$(inherited)",
				);
				GCC_SYMBOLS_PRIVATE_EXTERN = NO;
				GCC_WARN_64_TO_32_BIT_CONVERSION = YES;
				GCC_WARN_ABOUT_RETURN_TYPE = YES_ERROR;
				GCC_WARN_UNDECLARED_SELECTOR = YES;
				GCC_WARN_UNINITIALIZED_AUTOS = YES_AGGRESSIVE;
				GCC_WARN_UNUSED_FUNCTION = YES;
				GCC_WARN_UNUSED_VARIABLE = YES;
				IPHONEOS_DEPLOYMENT_TARGET = 8.4;
				MTL_ENABLE_DEBUG_INFO = YES;
				ONLY_ACTIVE_ARCH = YES;
				SDKROOT = iphoneos;
				SWIFT_OPTIMIZATION_LEVEL = "-Onone";
				TARGETED_DEVICE_FAMILY = "1,2";
				VERSIONING_SYSTEM = "apple-generic";
				VERSION_INFO_PREFIX = "";
			};
			name = Debug;
		};
		FB1E7E741B62867A00F15B16 /* Release */ = {
			isa = XCBuildConfiguration;
			buildSettings = {
				ALWAYS_SEARCH_USER_PATHS = NO;
				CLANG_CXX_LANGUAGE_STANDARD = "gnu++0x";
				CLANG_CXX_LIBRARY = "libc++";
				CLANG_ENABLE_MODULES = YES;
				CLANG_ENABLE_OBJC_ARC = YES;
				CLANG_WARN_BOOL_CONVERSION = YES;
				CLANG_WARN_CONSTANT_CONVERSION = YES;
				CLANG_WARN_DIRECT_OBJC_ISA_USAGE = YES_ERROR;
				CLANG_WARN_EMPTY_BODY = YES;
				CLANG_WARN_ENUM_CONVERSION = YES;
				CLANG_WARN_INT_CONVERSION = YES;
				CLANG_WARN_OBJC_ROOT_CLASS = YES_ERROR;
				CLANG_WARN_UNREACHABLE_CODE = YES;
				CLANG_WARN__DUPLICATE_METHOD_MATCH = YES;
				"CODE_SIGN_IDENTITY[sdk=iphoneos*]" = "iPhone Developer";
				COPY_PHASE_STRIP = NO;
				CURRENT_PROJECT_VERSION = 1;
				DEBUG_INFORMATION_FORMAT = "dwarf-with-dsym";
				ENABLE_NS_ASSERTIONS = NO;
				ENABLE_STRICT_OBJC_MSGSEND = YES;
				GCC_C_LANGUAGE_STANDARD = gnu99;
				GCC_NO_COMMON_BLOCKS = YES;
				GCC_WARN_64_TO_32_BIT_CONVERSION = YES;
				GCC_WARN_ABOUT_RETURN_TYPE = YES_ERROR;
				GCC_WARN_UNDECLARED_SELECTOR = YES;
				GCC_WARN_UNINITIALIZED_AUTOS = YES_AGGRESSIVE;
				GCC_WARN_UNUSED_FUNCTION = YES;
				GCC_WARN_UNUSED_VARIABLE = YES;
				IPHONEOS_DEPLOYMENT_TARGET = 8.4;
				MTL_ENABLE_DEBUG_INFO = NO;
				SDKROOT = iphoneos;
				TARGETED_DEVICE_FAMILY = "1,2";
				VALIDATE_PRODUCT = YES;
				VERSIONING_SYSTEM = "apple-generic";
				VERSION_INFO_PREFIX = "";
			};
			name = Release;
		};
		FB1E7E761B62867A00F15B16 /* Debug */ = {
			isa = XCBuildConfiguration;
			buildSettings = {
				DEFINES_MODULE = YES;
				DYLIB_COMPATIBILITY_VERSION = 1;
				DYLIB_CURRENT_VERSION = 1;
				DYLIB_INSTALL_NAME_BASE = "@rpath";
				INFOPLIST_FILE = ModelForm/Info.plist;
				INSTALL_PATH = "$(LOCAL_LIBRARY_DIR)/Frameworks";
				LD_RUNPATH_SEARCH_PATHS = "$(inherited) @executable_path/Frameworks @loader_path/Frameworks";
				PRODUCT_NAME = "$(TARGET_NAME)";
				SKIP_INSTALL = YES;
			};
			name = Debug;
		};
		FB1E7E771B62867A00F15B16 /* Release */ = {
			isa = XCBuildConfiguration;
			buildSettings = {
				DEFINES_MODULE = YES;
				DYLIB_COMPATIBILITY_VERSION = 1;
				DYLIB_CURRENT_VERSION = 1;
				DYLIB_INSTALL_NAME_BASE = "@rpath";
				INFOPLIST_FILE = ModelForm/Info.plist;
				INSTALL_PATH = "$(LOCAL_LIBRARY_DIR)/Frameworks";
				LD_RUNPATH_SEARCH_PATHS = "$(inherited) @executable_path/Frameworks @loader_path/Frameworks";
				PRODUCT_NAME = "$(TARGET_NAME)";
				SKIP_INSTALL = YES;
			};
			name = Release;
		};
		FB1E7E791B62867A00F15B16 /* Debug */ = {
			isa = XCBuildConfiguration;
			buildSettings = {
				FRAMEWORK_SEARCH_PATHS = (
					"$(SDKROOT)/Developer/Library/Frameworks",
					"$(inherited)",
				);
				GCC_PREPROCESSOR_DEFINITIONS = (
					"DEBUG=1",
					"$(inherited)",
				);
				INFOPLIST_FILE = ModelFormTests/Info.plist;
				LD_RUNPATH_SEARCH_PATHS = "$(inherited) @executable_path/Frameworks @loader_path/Frameworks";
				PRODUCT_NAME = "$(TARGET_NAME)";
			};
			name = Debug;
		};
		FB1E7E7A1B62867A00F15B16 /* Release */ = {
			isa = XCBuildConfiguration;
			buildSettings = {
				FRAMEWORK_SEARCH_PATHS = (
					"$(SDKROOT)/Developer/Library/Frameworks",
					"$(inherited)",
				);
				INFOPLIST_FILE = ModelFormTests/Info.plist;
				LD_RUNPATH_SEARCH_PATHS = "$(inherited) @executable_path/Frameworks @loader_path/Frameworks";
				PRODUCT_NAME = "$(TARGET_NAME)";
			};
			name = Release;
		};
/* End XCBuildConfiguration section */

/* Begin XCConfigurationList section */
		FB1E7E591B62867A00F15B16 /* Build configuration list for PBXProject "ModelForm" */ = {
			isa = XCConfigurationList;
			buildConfigurations = (
				FB1E7E731B62867A00F15B16 /* Debug */,
				FB1E7E741B62867A00F15B16 /* Release */,
			);
			defaultConfigurationIsVisible = 0;
			defaultConfigurationName = Release;
		};
		FB1E7E751B62867A00F15B16 /* Build configuration list for PBXNativeTarget "ModelForm" */ = {
			isa = XCConfigurationList;
			buildConfigurations = (
				FB1E7E761B62867A00F15B16 /* Debug */,
				FB1E7E771B62867A00F15B16 /* Release */,
			);
			defaultConfigurationIsVisible = 0;
		};
		FB1E7E781B62867A00F15B16 /* Build configuration list for PBXNativeTarget "ModelFormTests" */ = {
			isa = XCConfigurationList;
			buildConfigurations = (
				FB1E7E791B62867A00F15B16 /* Debug */,
				FB1E7E7A1B62867A00F15B16 /* Release */,
			);
			defaultConfigurationIsVisible = 0;
		};
/* End XCConfigurationList section */
	};
	rootObject = FB1E7E561B62867A00F15B16 /* Project object */;
}
